Microsoft Visual Studio Solution File, Format Version 12.00
# Visual Studio 2012
Project("{FAE04EC0-301F-11D3-BF4B-00C04F79EFBC}") = "PlataformaGame", "PlataformaGame.csproj", "{68EECDCC-D350-4B14-84DF-D79A3FEABED6}"
EndProject
Global
	GlobalSection(SolutionConfigurationPlatforms) = preSolution
	Debug|Any CPU = Debug|Any CPU
	Release|Any CPU = Release|Any CPU
	Tools|Any CPU = Tools|Any CPU
	EndGlobalSection
	GlobalSection(ProjectConfigurationPlatforms) = postSolution
		{68EECDCC-D350-4B14-84DF-D79A3FEABED6}.Debug|Any CPU.ActiveCfg = Debug|Any CPU
		{68EECDCC-D350-4B14-84DF-D79A3FEABED6}.Debug|Any CPU.Build.0 = Debug|Any CPU
		{68EECDCC-D350-4B14-84DF-D79A3FEABED6}.Release|Any CPU.ActiveCfg = Release|Any CPU
		{68EECDCC-D350-4B14-84DF-D79A3FEABED6}.Release|Any CPU.Build.0 = Release|Any CPU
		{68EECDCC-D350-4B14-84DF-D79A3FEABED6}.Tools|Any CPU.ActiveCfg = Tools|Any CPU
		{68EECDCC-D350-4B14-84DF-D79A3FEABED6}.Tools|Any CPU.Build.0 = Tools|Any CPU
	EndGlobalSection
EndGlobal
